
Microsoft Visual Studio Solution File, Format Version 12.00
# Visual Studio Version 17
VisualStudioVersion = 17.3.32922.545
MinimumVisualStudioVersion = 10.0.40219.1
Project("{FAE04EC0-301F-11D3-BF4B-00C04F79EFBC}") = "05_StrinFuncties", "05_StrinFuncties\05_StrinFuncties.csproj", "{9D630D19-8828-4CE2-9912-BF0DD81FDBED}"
EndProject
Global
	GlobalSection(SolutionConfigurationPlatforms) = preSolution
		Debug|Any CPU = Debug|Any CPU
		Release|Any CPU = Release|Any CPU
	EndGlobalSection
	GlobalSection(ProjectConfigurationPlatforms) = postSolution
		{9D630D19-8828-4CE2-9912-BF0DD81FDBED}.Debug|Any CPU.ActiveCfg = Debug|Any CPU
		{9D630D19-8828-4CE2-9912-BF0DD81FDBED}.Debug|Any CPU.Build.0 = Debug|Any CPU
		{9D630D19-8828-4CE2-9912-BF0DD81FDBED}.Release|Any CPU.ActiveCfg = Release|Any CPU
		{9D630D19-8828-4CE2-9912-BF0DD81FDBED}.Release|Any CPU.Build.0 = Release|Any CPU
	EndGlobalSection
	GlobalSection(SolutionProperties) = preSolution
		HideSolutionNode = FALSE
	EndGlobalSection
	GlobalSection(ExtensibilityGlobals) = postSolution
		SolutionGuid = {37E39D5C-100B-44A4-9B87-EF4F6882E1C6}
	EndGlobalSection
EndGlobal
