
Microsoft Visual Studio Solution File, Format Version 12.00
# Visual Studio Version 17
VisualStudioVersion = 17.5.33516.290
MinimumVisualStudioVersion = 10.0.40219.1
Project("{FAE04EC0-301F-11D3-BF4B-00C04F79EFBC}") = "15_BasisOef", "15_BasisOef\15_BasisOef.csproj", "{14E2E6A6-5824-4B50-AA5B-8EC5D51365CF}"
EndProject
Global
	GlobalSection(SolutionConfigurationPlatforms) = preSolution
		Debug|Any CPU = Debug|Any CPU
		Release|Any CPU = Release|Any CPU
	EndGlobalSection
	GlobalSection(ProjectConfigurationPlatforms) = postSolution
		{14E2E6A6-5824-4B50-AA5B-8EC5D51365CF}.Debug|Any CPU.ActiveCfg = Debug|Any CPU
		{14E2E6A6-5824-4B50-AA5B-8EC5D51365CF}.Debug|Any CPU.Build.0 = Debug|Any CPU
		{14E2E6A6-5824-4B50-AA5B-8EC5D51365CF}.Release|Any CPU.ActiveCfg = Release|Any CPU
		{14E2E6A6-5824-4B50-AA5B-8EC5D51365CF}.Release|Any CPU.Build.0 = Release|Any CPU
	EndGlobalSection
	GlobalSection(SolutionProperties) = preSolution
		HideSolutionNode = FALSE
	EndGlobalSection
	GlobalSection(ExtensibilityGlobals) = postSolution
		SolutionGuid = {DC9B45AB-DE69-4F2A-A645-F331A00A3866}
	EndGlobalSection
EndGlobal
