
Microsoft Visual Studio Solution File, Format Version 12.00
# Visual Studio Version 17
VisualStudioVersion = 17.3.32922.545
MinimumVisualStudioVersion = 10.0.40219.1
Project("{FAE04EC0-301F-11D3-BF4B-00C04F79EFBC}") = "WiskundigeFuncties", "WiskundigeFuncties\WiskundigeFuncties.csproj", "{EEE129EA-4775-40C6-997C-2AEF97994DEC}"
EndProject
Global
	GlobalSection(SolutionConfigurationPlatforms) = preSolution
		Debug|Any CPU = Debug|Any CPU
		Release|Any CPU = Release|Any CPU
	EndGlobalSection
	GlobalSection(ProjectConfigurationPlatforms) = postSolution
		{EEE129EA-4775-40C6-997C-2AEF97994DEC}.Debug|Any CPU.ActiveCfg = Debug|Any CPU
		{EEE129EA-4775-40C6-997C-2AEF97994DEC}.Debug|Any CPU.Build.0 = Debug|Any CPU
		{EEE129EA-4775-40C6-997C-2AEF97994DEC}.Release|Any CPU.ActiveCfg = Release|Any CPU
		{EEE129EA-4775-40C6-997C-2AEF97994DEC}.Release|Any CPU.Build.0 = Release|Any CPU
	EndGlobalSection
	GlobalSection(SolutionProperties) = preSolution
		HideSolutionNode = FALSE
	EndGlobalSection
	GlobalSection(ExtensibilityGlobals) = postSolution
		SolutionGuid = {9D363D07-D3CF-47DD-924C-4CD4F6645F1A}
	EndGlobalSection
EndGlobal
