
Microsoft Visual Studio Solution File, Format Version 12.00
# Visual Studio Version 17
VisualStudioVersion = 17.4.33122.133
MinimumVisualStudioVersion = 10.0.40219.1
Project("{FAE04EC0-301F-11D3-BF4B-00C04F79EFBC}") = "07_WillekeurigeLeerling", "07_WillekeurigeLeerling\07_WillekeurigeLeerling.csproj", "{FC9027ED-453A-4CCC-8C9E-5FA420CD93C8}"
EndProject
Global
	GlobalSection(SolutionConfigurationPlatforms) = preSolution
		Debug|Any CPU = Debug|Any CPU
		Release|Any CPU = Release|Any CPU
	EndGlobalSection
	GlobalSection(ProjectConfigurationPlatforms) = postSolution
		{FC9027ED-453A-4CCC-8C9E-5FA420CD93C8}.Debug|Any CPU.ActiveCfg = Debug|Any CPU
		{FC9027ED-453A-4CCC-8C9E-5FA420CD93C8}.Debug|Any CPU.Build.0 = Debug|Any CPU
		{FC9027ED-453A-4CCC-8C9E-5FA420CD93C8}.Release|Any CPU.ActiveCfg = Release|Any CPU
		{FC9027ED-453A-4CCC-8C9E-5FA420CD93C8}.Release|Any CPU.Build.0 = Release|Any CPU
	EndGlobalSection
	GlobalSection(SolutionProperties) = preSolution
		HideSolutionNode = FALSE
	EndGlobalSection
	GlobalSection(ExtensibilityGlobals) = postSolution
		SolutionGuid = {7F996BAE-D107-472F-88E0-9BA587131C20}
	EndGlobalSection
EndGlobal
