
Microsoft Visual Studio Solution File, Format Version 12.00
# Visual Studio Version 17
VisualStudioVersion = 17.5.33502.453
MinimumVisualStudioVersion = 10.0.40219.1
Project("{FAE04EC0-301F-11D3-BF4B-00C04F79EFBC}") = "KlassePersoon", "KlassePersoon\KlassePersoon.csproj", "{C01274B1-B462-46CB-B366-510D0028A48F}"
EndProject
Global
	GlobalSection(SolutionConfigurationPlatforms) = preSolution
		Debug|Any CPU = Debug|Any CPU
		Release|Any CPU = Release|Any CPU
	EndGlobalSection
	GlobalSection(ProjectConfigurationPlatforms) = postSolution
		{C01274B1-B462-46CB-B366-510D0028A48F}.Debug|Any CPU.ActiveCfg = Debug|Any CPU
		{C01274B1-B462-46CB-B366-510D0028A48F}.Debug|Any CPU.Build.0 = Debug|Any CPU
		{C01274B1-B462-46CB-B366-510D0028A48F}.Release|Any CPU.ActiveCfg = Release|Any CPU
		{C01274B1-B462-46CB-B366-510D0028A48F}.Release|Any CPU.Build.0 = Release|Any CPU
	EndGlobalSection
	GlobalSection(SolutionProperties) = preSolution
		HideSolutionNode = FALSE
	EndGlobalSection
	GlobalSection(ExtensibilityGlobals) = postSolution
		SolutionGuid = {F4896226-CC54-44E7-8C48-4B5BB369249A}
	EndGlobalSection
EndGlobal
