
Microsoft Visual Studio Solution File, Format Version 12.00
# Visual Studio Version 17
VisualStudioVersion = 17.4.33122.133
MinimumVisualStudioVersion = 10.0.40219.1
Project("{FAE04EC0-301F-11D3-BF4B-00C04F79EFBC}") = "ProjectAanwezigheden", "ProjectAanwezigheden\ProjectAanwezigheden.csproj", "{0AE1BC5E-EFB4-482C-85E8-7AABAF357D8D}"
EndProject
Global
	GlobalSection(SolutionConfigurationPlatforms) = preSolution
		Debug|Any CPU = Debug|Any CPU
		Release|Any CPU = Release|Any CPU
	EndGlobalSection
	GlobalSection(ProjectConfigurationPlatforms) = postSolution
		{0AE1BC5E-EFB4-482C-85E8-7AABAF357D8D}.Debug|Any CPU.ActiveCfg = Debug|Any CPU
		{0AE1BC5E-EFB4-482C-85E8-7AABAF357D8D}.Debug|Any CPU.Build.0 = Debug|Any CPU
		{0AE1BC5E-EFB4-482C-85E8-7AABAF357D8D}.Release|Any CPU.ActiveCfg = Release|Any CPU
		{0AE1BC5E-EFB4-482C-85E8-7AABAF357D8D}.Release|Any CPU.Build.0 = Release|Any CPU
	EndGlobalSection
	GlobalSection(SolutionProperties) = preSolution
		HideSolutionNode = FALSE
	EndGlobalSection
	GlobalSection(ExtensibilityGlobals) = postSolution
		SolutionGuid = {AB9A4B51-FD34-4DE3-80A9-0A24BA316991}
	EndGlobalSection
EndGlobal
