
Microsoft Visual Studio Solution File, Format Version 12.00
# Visual Studio Version 17
VisualStudioVersion = 17.5.33516.290
MinimumVisualStudioVersion = 10.0.40219.1
Project("{FAE04EC0-301F-11D3-BF4B-00C04F79EFBC}") = "16_Zin", "16_Zin\16_Zin.csproj", "{F7D8E4FE-02B8-483A-BA88-5909CB34D152}"
EndProject
Global
	GlobalSection(SolutionConfigurationPlatforms) = preSolution
		Debug|Any CPU = Debug|Any CPU
		Release|Any CPU = Release|Any CPU
	EndGlobalSection
	GlobalSection(ProjectConfigurationPlatforms) = postSolution
		{F7D8E4FE-02B8-483A-BA88-5909CB34D152}.Debug|Any CPU.ActiveCfg = Debug|Any CPU
		{F7D8E4FE-02B8-483A-BA88-5909CB34D152}.Debug|Any CPU.Build.0 = Debug|Any CPU
		{F7D8E4FE-02B8-483A-BA88-5909CB34D152}.Release|Any CPU.ActiveCfg = Release|Any CPU
		{F7D8E4FE-02B8-483A-BA88-5909CB34D152}.Release|Any CPU.Build.0 = Release|Any CPU
	EndGlobalSection
	GlobalSection(SolutionProperties) = preSolution
		HideSolutionNode = FALSE
	EndGlobalSection
	GlobalSection(ExtensibilityGlobals) = postSolution
		SolutionGuid = {91EE49AA-EBA7-41FD-9E72-E06B1ACAB04B}
	EndGlobalSection
EndGlobal
