
Microsoft Visual Studio Solution File, Format Version 12.00
# Visual Studio Version 17
VisualStudioVersion = 17.3.32825.248
MinimumVisualStudioVersion = 10.0.40219.1
Project("{FAE04EC0-301F-11D3-BF4B-00C04F79EFBC}") = "02ProJ_Wisselgeld", "02ProJ_Wisselgeld\02ProJ_Wisselgeld.csproj", "{12C62DDD-AA42-4EA0-BFCA-3EAFF5E023AA}"
EndProject
Global
	GlobalSection(SolutionConfigurationPlatforms) = preSolution
		Debug|Any CPU = Debug|Any CPU
		Release|Any CPU = Release|Any CPU
	EndGlobalSection
	GlobalSection(ProjectConfigurationPlatforms) = postSolution
		{12C62DDD-AA42-4EA0-BFCA-3EAFF5E023AA}.Debug|Any CPU.ActiveCfg = Debug|Any CPU
		{12C62DDD-AA42-4EA0-BFCA-3EAFF5E023AA}.Debug|Any CPU.Build.0 = Debug|Any CPU
		{12C62DDD-AA42-4EA0-BFCA-3EAFF5E023AA}.Release|Any CPU.ActiveCfg = Release|Any CPU
		{12C62DDD-AA42-4EA0-BFCA-3EAFF5E023AA}.Release|Any CPU.Build.0 = Release|Any CPU
	EndGlobalSection
	GlobalSection(SolutionProperties) = preSolution
		HideSolutionNode = FALSE
	EndGlobalSection
	GlobalSection(ExtensibilityGlobals) = postSolution
		SolutionGuid = {CD45453D-BC96-4498-88FB-AA1BBA370EBF}
	EndGlobalSection
EndGlobal
